
Microsoft Visual Studio Solution File, Format Version 12.00
# Visual Studio 15
VisualStudioVersion = 15.0.28307.1209
MinimumVisualStudioVersion = 10.0.40219.1
Project("{8BC9CEB8-8B4A-11D0-8D11-00A0C91BC942}") = "YS_Supplication", "YS_Supplication\YS_Supplication.vcxproj", "{6FA17D16-7ECA-40DF-8FAA-5480E8EC80B4}"
EndProject
Project("{8BC9CEB8-8B4A-11D0-8D11-00A0C91BC942}") = "ConsoleApplication_Test_YSSO", "ConsoleApplication_Test_YSSO\ConsoleApplication_Test_YSSO.vcxproj", "{E5D49C2F-F70A-4A3B-A94F-CDBCA2453F40}"
EndProject
Global
	GlobalSection(SolutionConfigurationPlatforms) = preSolution
		201022|x64 = 201022|x64
		201022|x86 = 201022|x86
		D_450_201022|x64 = D_450_201022|x64
		D_450_201022|x86 = D_450_201022|x86
		Debug|x64 = Debug|x64
		Debug|x86 = Debug|x86
		Release|x64 = Release|x64
		Release|x86 = Release|x86
	EndGlobalSection
	GlobalSection(ProjectConfigurationPlatforms) = postSolution
		{6FA17D16-7ECA-40DF-8FAA-5480E8EC80B4}.201022|x64.ActiveCfg = 201022|x64
		{6FA17D16-7ECA-40DF-8FAA-5480E8EC80B4}.201022|x64.Build.0 = 201022|x64
		{6FA17D16-7ECA-40DF-8FAA-5480E8EC80B4}.201022|x86.ActiveCfg = 201022|Win32
		{6FA17D16-7ECA-40DF-8FAA-5480E8EC80B4}.201022|x86.Build.0 = 201022|Win32
		{6FA17D16-7ECA-40DF-8FAA-5480E8EC80B4}.D_450_201022|x64.ActiveCfg = D_450_201022|x64
		{6FA17D16-7ECA-40DF-8FAA-5480E8EC80B4}.D_450_201022|x64.Build.0 = D_450_201022|x64
		{6FA17D16-7ECA-40DF-8FAA-5480E8EC80B4}.D_450_201022|x86.ActiveCfg = D_450_201022|Win32
		{6FA17D16-7ECA-40DF-8FAA-5480E8EC80B4}.D_450_201022|x86.Build.0 = D_450_201022|Win32
		{6FA17D16-7ECA-40DF-8FAA-5480E8EC80B4}.Debug|x64.ActiveCfg = Debug|x64
		{6FA17D16-7ECA-40DF-8FAA-5480E8EC80B4}.Debug|x64.Build.0 = Debug|x64
		{6FA17D16-7ECA-40DF-8FAA-5480E8EC80B4}.Debug|x86.ActiveCfg = Debug|Win32
		{6FA17D16-7ECA-40DF-8FAA-5480E8EC80B4}.Debug|x86.Build.0 = Debug|Win32
		{6FA17D16-7ECA-40DF-8FAA-5480E8EC80B4}.Release|x64.ActiveCfg = Release|x64
		{6FA17D16-7ECA-40DF-8FAA-5480E8EC80B4}.Release|x64.Build.0 = Release|x64
		{6FA17D16-7ECA-40DF-8FAA-5480E8EC80B4}.Release|x86.ActiveCfg = Release|Win32
		{6FA17D16-7ECA-40DF-8FAA-5480E8EC80B4}.Release|x86.Build.0 = Release|Win32
		{E5D49C2F-F70A-4A3B-A94F-CDBCA2453F40}.201022|x64.ActiveCfg = Release|x64
		{E5D49C2F-F70A-4A3B-A94F-CDBCA2453F40}.201022|x64.Build.0 = Release|x64
		{E5D49C2F-F70A-4A3B-A94F-CDBCA2453F40}.201022|x86.ActiveCfg = Release|Win32
		{E5D49C2F-F70A-4A3B-A94F-CDBCA2453F40}.201022|x86.Build.0 = Release|Win32
		{E5D49C2F-F70A-4A3B-A94F-CDBCA2453F40}.D_450_201022|x64.ActiveCfg = Debug|x64
		{E5D49C2F-F70A-4A3B-A94F-CDBCA2453F40}.D_450_201022|x64.Build.0 = Debug|x64
		{E5D49C2F-F70A-4A3B-A94F-CDBCA2453F40}.D_450_201022|x86.ActiveCfg = Debug|Win32
		{E5D49C2F-F70A-4A3B-A94F-CDBCA2453F40}.D_450_201022|x86.Build.0 = Debug|Win32
		{E5D49C2F-F70A-4A3B-A94F-CDBCA2453F40}.Debug|x64.ActiveCfg = Debug|x64
		{E5D49C2F-F70A-4A3B-A94F-CDBCA2453F40}.Debug|x64.Build.0 = Debug|x64
		{E5D49C2F-F70A-4A3B-A94F-CDBCA2453F40}.Debug|x86.ActiveCfg = Debug|Win32
		{E5D49C2F-F70A-4A3B-A94F-CDBCA2453F40}.Debug|x86.Build.0 = Debug|Win32
		{E5D49C2F-F70A-4A3B-A94F-CDBCA2453F40}.Release|x64.ActiveCfg = Release|x64
		{E5D49C2F-F70A-4A3B-A94F-CDBCA2453F40}.Release|x64.Build.0 = Release|x64
		{E5D49C2F-F70A-4A3B-A94F-CDBCA2453F40}.Release|x86.ActiveCfg = Release|Win32
		{E5D49C2F-F70A-4A3B-A94F-CDBCA2453F40}.Release|x86.Build.0 = Release|Win32
	EndGlobalSection
	GlobalSection(SolutionProperties) = preSolution
		HideSolutionNode = FALSE
	EndGlobalSection
	GlobalSection(ExtensibilityGlobals) = postSolution
		SolutionGuid = {86E99D61-D555-4360-ADCC-C0DCA4B70B65}
	EndGlobalSection
EndGlobal
